
Microsoft Visual Studio Solution File, Format Version 12.00
# Visual Studio Version 16
VisualStudioVersion = 16.0.28803.202
MinimumVisualStudioVersion = 10.0.40219.1
Project("{8BC9CEB8-8B4A-11D0-8D11-00A0C91BC942}") = "t1", "t1\t1.vcxproj", "{00CAA1D8-E271-47C9-A036-D18BE3558B14}"
EndProject
Project("{8BC9CEB8-8B4A-11D0-8D11-00A0C91BC942}") = "t2", "t2\t2.vcxproj", "{286780C2-9A21-4007-A783-9F86DC86FBC6}"
EndProject
Global
	GlobalSection(SolutionConfigurationPlatforms) = preSolution
		Debug|x64 = Debug|x64
		Debug|x86 = Debug|x86
		Release|x64 = Release|x64
		Release|x86 = Release|x86
	EndGlobalSection
	GlobalSection(ProjectConfigurationPlatforms) = postSolution
		{00CAA1D8-E271-47C9-A036-D18BE3558B14}.Debug|x64.ActiveCfg = Debug|x64
		{00CAA1D8-E271-47C9-A036-D18BE3558B14}.Debug|x64.Build.0 = Debug|x64
		{00CAA1D8-E271-47C9-A036-D18BE3558B14}.Debug|x86.ActiveCfg = Debug|Win32
		{00CAA1D8-E271-47C9-A036-D18BE3558B14}.Debug|x86.Build.0 = Debug|Win32
		{00CAA1D8-E271-47C9-A036-D18BE3558B14}.Release|x64.ActiveCfg = Release|x64
		{00CAA1D8-E271-47C9-A036-D18BE3558B14}.Release|x64.Build.0 = Release|x64
		{00CAA1D8-E271-47C9-A036-D18BE3558B14}.Release|x86.ActiveCfg = Release|Win32
		{00CAA1D8-E271-47C9-A036-D18BE3558B14}.Release|x86.Build.0 = Release|Win32
		{286780C2-9A21-4007-A783-9F86DC86FBC6}.Debug|x64.ActiveCfg = Debug|x64
		{286780C2-9A21-4007-A783-9F86DC86FBC6}.Debug|x64.Build.0 = Debug|x64
		{286780C2-9A21-4007-A783-9F86DC86FBC6}.Debug|x86.ActiveCfg = Debug|Win32
		{286780C2-9A21-4007-A783-9F86DC86FBC6}.Debug|x86.Build.0 = Debug|Win32
		{286780C2-9A21-4007-A783-9F86DC86FBC6}.Release|x64.ActiveCfg = Release|x64
		{286780C2-9A21-4007-A783-9F86DC86FBC6}.Release|x64.Build.0 = Release|x64
		{286780C2-9A21-4007-A783-9F86DC86FBC6}.Release|x86.ActiveCfg = Release|Win32
		{286780C2-9A21-4007-A783-9F86DC86FBC6}.Release|x86.Build.0 = Release|Win32
	EndGlobalSection
	GlobalSection(SolutionProperties) = preSolution
		HideSolutionNode = FALSE
	EndGlobalSection
	GlobalSection(ExtensibilityGlobals) = postSolution
		SolutionGuid = {70EBAF14-6843-4FBE-A3B1-B05E2BCE9FB1}
	EndGlobalSection
EndGlobal
