
Microsoft Visual Studio Solution File, Format Version 12.00
# Visual Studio 15
VisualStudioVersion = 15.0.28307.421
MinimumVisualStudioVersion = 10.0.40219.1
Project("{8BC9CEB8-8B4A-11D0-8D11-00A0C91BC942}") = "FontSize", "FontSize\FontSize.vcxproj", "{4C587083-0B94-4644-BD45-189721697EE6}"
EndProject
Project("{8BC9CEB8-8B4A-11D0-8D11-00A0C91BC942}") = "Clock", "Clock\Clock.vcxproj", "{3A5396B2-F33C-414B-AB92-5B33D2B852B0}"
EndProject
Global
	GlobalSection(SolutionConfigurationPlatforms) = preSolution
		Debug|x64 = Debug|x64
		Debug|x86 = Debug|x86
		Release|x64 = Release|x64
		Release|x86 = Release|x86
	EndGlobalSection
	GlobalSection(ProjectConfigurationPlatforms) = postSolution
		{4C587083-0B94-4644-BD45-189721697EE6}.Debug|x64.ActiveCfg = Debug|x64
		{4C587083-0B94-4644-BD45-189721697EE6}.Debug|x64.Build.0 = Debug|x64
		{4C587083-0B94-4644-BD45-189721697EE6}.Debug|x86.ActiveCfg = Debug|Win32
		{4C587083-0B94-4644-BD45-189721697EE6}.Debug|x86.Build.0 = Debug|Win32
		{4C587083-0B94-4644-BD45-189721697EE6}.Release|x64.ActiveCfg = Release|x64
		{4C587083-0B94-4644-BD45-189721697EE6}.Release|x64.Build.0 = Release|x64
		{4C587083-0B94-4644-BD45-189721697EE6}.Release|x86.ActiveCfg = Release|Win32
		{4C587083-0B94-4644-BD45-189721697EE6}.Release|x86.Build.0 = Release|Win32
		{3A5396B2-F33C-414B-AB92-5B33D2B852B0}.Debug|x64.ActiveCfg = Debug|x64
		{3A5396B2-F33C-414B-AB92-5B33D2B852B0}.Debug|x64.Build.0 = Debug|x64
		{3A5396B2-F33C-414B-AB92-5B33D2B852B0}.Debug|x86.ActiveCfg = Debug|Win32
		{3A5396B2-F33C-414B-AB92-5B33D2B852B0}.Debug|x86.Build.0 = Debug|Win32
		{3A5396B2-F33C-414B-AB92-5B33D2B852B0}.Release|x64.ActiveCfg = Release|x64
		{3A5396B2-F33C-414B-AB92-5B33D2B852B0}.Release|x64.Build.0 = Release|x64
		{3A5396B2-F33C-414B-AB92-5B33D2B852B0}.Release|x86.ActiveCfg = Release|Win32
		{3A5396B2-F33C-414B-AB92-5B33D2B852B0}.Release|x86.Build.0 = Release|Win32
	EndGlobalSection
	GlobalSection(SolutionProperties) = preSolution
		HideSolutionNode = FALSE
	EndGlobalSection
	GlobalSection(ExtensibilityGlobals) = postSolution
		SolutionGuid = {D3CFE32D-BF1D-4A4B-8D1D-FB6504F3C57B}
	EndGlobalSection
EndGlobal
